{
  "pins" : [
    {
      "identity" : "packagebuildinfo",
      "kind" : "remoteSourceControl",
      "location" : "https://github.com/DimaRU/PackageBuildInfo",
      "state" : {
        "revision" : "e61ce060c9a25594db2e1477b7202a4d015e255d",
        "version" : "1.0.2"
      }
    },
    {
      "identity" : "swift-argument-parser",
      "kind" : "remoteSourceControl",
      "location" : "https://github.com/apple/swift-argument-parser",
      "state" : {
        "revision" : "c8ed701b513cf5177118a175d85fbbbcd707ab41",
        "version" : "1.3.0"
      }
    }
  ],
  "version" : 2
}
